# THIS IS AN AUTOGENERATED FILE. DO NOT EDIT THIS FILE DIRECTLY.
# yarn lockfile v1


date-order@^1.0.0:
  version "1.0.1"
  resolved "https://registry.yarnpkg.com/date-order/-/date-order-1.0.1.tgz#5f8f4c59d1e513fcb80d61bf80fbbcc8a17e7355"
  integrity sha512-o+yGnHznx+Qun6zVCg59jxG8bTSo5XG61p4tuO87d01vmlvE810rfGKIAM5xBUlhblKZrm+qBdSpnbrOnVqydA==
  dependencies:
    dayjs "^1.11.5"

dayjs@^1.11.5:
  version "1.11.5"
  resolved "https://registry.yarnpkg.com/dayjs/-/dayjs-1.11.5.tgz#00e8cc627f231f9499c19b38af49f56dc0ac5e93"
  integrity sha512-CAdX5Q3YW3Gclyo5Vpqkgpj8fSdLQcRuzfX6mC6Phy0nfJ0eGYOeS7m4mt2plDWLAtA4TqTakvbboHvUxfe4iA==

fastest-validator@^1.13.0:
  version "1.13.0"
  resolved "https://registry.yarnpkg.com/fastest-validator/-/fastest-validator-1.13.0.tgz#d144661d9c1546fe9a5e1b85d6544eed0da1fa19"
  integrity sha512-mDFnLPAQ1inK0Ql5xagQPgcdMP9TnUoun/O0lXjK6FJ1GEKI8CKEvcz0xXQmDWviUWHwLsSB1BSRindq1zc6Gw==

fire-read@^1.0.0:
  version "1.0.2"
  resolved "https://registry.yarnpkg.com/fire-read/-/fire-read-1.0.2.tgz#4e519c2a5b5b8aa84ec7e14d2f1398bbf1b7bec3"
  integrity sha512-yClHo93fntbwrehalwUoivEb0QHSKvr/y+DJL60KmMCyip2MTcfkQsjdUueASKj3LMf5AI2VuPBClI3GVa2kJg==
  dependencies:
    n-readlines "^1.0.1"
    validate-or-throw "^1.0.2"

globalyzer@0.1.0:
  version "0.1.0"
  resolved "https://registry.yarnpkg.com/globalyzer/-/globalyzer-0.1.0.tgz#cb76da79555669a1519d5a8edf093afaa0bf1465"
  integrity sha512-40oNTM9UfG6aBmuKxk/giHn5nQ8RVz/SS4Ir6zgzOv9/qC3kKZ9v4etGTcJbEl/NyVQH7FGU7d+X1egr57Md2Q==

globrex@^0.1.2:
  version "0.1.2"
  resolved "https://registry.yarnpkg.com/globrex/-/globrex-0.1.2.tgz#dd5d9ec826232730cd6793a5e33a9302985e6098"
  integrity sha512-uHJgbwAMwNFf5mLst7IWLNg14x1CkeqglJb/K3doi4dw6q2IvAAmM/Y81kevy83wP+Sst+nutFTYOGg3d1lsxg==

n-readlines@^1.0.1:
  version "1.0.1"
  resolved "https://registry.yarnpkg.com/n-readlines/-/n-readlines-1.0.1.tgz#bbb7364d38bc31a170a199f986fcacfa76b95f6e"
  integrity sha512-z4SyAIVgMy7CkgsoNw7YVz40v0g4+WWvvqy8+ZdHrCtgevcEO758WQyrYcw3XPxcLxF+//RszTz/rO48nzD0wQ==

tiny-glob@^0.2.9:
  version "0.2.9"
  resolved "https://registry.yarnpkg.com/tiny-glob/-/tiny-glob-0.2.9.tgz#2212d441ac17928033b110f8b3640683129d31e2"
  integrity sha512-g/55ssRPUjShh+xkfx9UPDXqhckHEsHr4Vd9zX55oSdGZc/MD0m3sferOkwWtp98bv+kcVfEHtRJgBVJzelrzg==
  dependencies:
    globalyzer "0.1.0"
    globrex "^0.1.2"

validate-or-throw@^1.0.0, validate-or-throw@^1.0.2:
  version "1.0.2"
  resolved "https://registry.yarnpkg.com/validate-or-throw/-/validate-or-throw-1.0.2.tgz#8f350dd41bc9c63b07e3504c4040580023831d5e"
  integrity sha512-9b0J0TfEzr+lQKL7J+cvuQlhW5UodcYOZvNaWHn3HuTceaXpDfQ0g6Yifo6TFtpiV6DlurwT8mMLkox3GlzF4A==
  dependencies:
    fastest-validator "^1.13.0"
